
Microsoft Visual Studio Solution File, Format Version 12.00
Project("{FAE04EC0-301F-11D3-BF4B-00C04F79EFBC}") = "Denombrements", "Denombrements\Denombrements.csproj", "{B265EA2F-1665-4883-8D99-02A7977D704B}"
EndProject
Global
	GlobalSection(SolutionConfigurationPlatforms) = preSolution
		Debug|Any CPU = Debug|Any CPU
		Release|Any CPU = Release|Any CPU
	EndGlobalSection
	GlobalSection(ProjectConfigurationPlatforms) = postSolution
		{B265EA2F-1665-4883-8D99-02A7977D704B}.Debug|Any CPU.ActiveCfg = Debug|Any CPU
		{B265EA2F-1665-4883-8D99-02A7977D704B}.Debug|Any CPU.Build.0 = Debug|Any CPU
		{B265EA2F-1665-4883-8D99-02A7977D704B}.Release|Any CPU.ActiveCfg = Release|Any CPU
		{B265EA2F-1665-4883-8D99-02A7977D704B}.Release|Any CPU.Build.0 = Release|Any CPU
	EndGlobalSection
EndGlobal
